<?xml version="1.0" encoding="UTF-8" standalone="yes" ?>
<CodeBlocks_project_file>
	<FileVersion major="1" minor="6" />
	<Project>
		<Option title="LMP3D" />
		<Option pch_mode="2" />
		<Option default_target="Wii" />
		<Option compiler="gcc" />
		<Build>
			<Target title="Linux">
				<Option output="bin/demo" prefix_auto="1" extension_auto="1" />
				<Option working_dir="bin/" />
				<Option object_output="obj/Linux/" />
				<Option type="1" />
				<Option compiler="gcc" />
				<Option use_console_runner="0" />
				<Compiler>
					<Add option="-O3" />
					<Add option="-DPC" />
				</Compiler>
				<Linker>
					<Add library="GL" />
					<Add library="GLU" />
					<Add library="SDL" />
				</Linker>
			</Target>
			<Target title="LinuxMingw">
				<Option output="bin/demo" prefix_auto="0" extension_auto="0" />
				<Option working_dir="bin/" />
				<Option object_output="obj/Mingw/" />
				<Option type="1" />
				<Option compiler="mingw__compiler" />
				<Option use_console_runner="0" />
				<Compiler>
					<Add option="-O3" />
					<Add option="-DPC" />
				</Compiler>
				<Linker>
					<Add library="opengl32" />
					<Add library="glu32" />
					<Add library="SDL" />
				</Linker>
			</Target>
			<Target title="Windows">
				<Option output="bin/demo" prefix_auto="1" extension_auto="1" />
				<Option working_dir="bin/" />
				<Option object_output="obj/Windows/" />
				<Option type="0" />
				<Option compiler="gcc" />
				<Compiler>
					<Add option="-O3" />
					<Add option="-DPC" />
				</Compiler>
				<Linker>
					<Add library="opengl32" />
					<Add library="glu32" />
					<Add library="SDL" />
				</Linker>
			</Target>
			<Target title="PS1">
				<Option output="bin/PSX/PS1_demo.elf" prefix_auto="0" extension_auto="0" />
				<Option working_dir="bin/PSX/" />
				<Option object_output="obj/PS1/" />
				<Option type="1" />
				<Option compiler="ps1_gcc_compiler" />
				<Option parameters=" &amp; bash compilationcd.sh" />
				<Compiler>
					<Add option="-O3" />
					<Add option="-DPLAYSTATION1" />
				</Compiler>
			</Target>
			<Target title="PS2">
				<Option output="bin/PS2_demo.elf" prefix_auto="0" extension_auto="0" />
				<Option working_dir="bin/" />
				<Option object_output="obj/PS2/" />
				<Option type="1" />
				<Option compiler="ps2_gcc_compiler" />
				<Option parameters="&amp; pcsx2 --elf=PS2_Demo.elf" />
				<Compiler>
					<Add option="-O1" />
					<Add option="-DPLAYSTATION2" />
				</Compiler>
				<Linker>
					<Add option="-lc -lc -lkernel -lmf -lpad" />
				</Linker>
			</Target>
			<Target title="Dreamcast">
				<Option output="bin/DC_demo.elf" prefix_auto="0" extension_auto="0" />
				<Option working_dir="bin/" />
				<Option object_output="obj/DC/" />
				<Option type="1" />
				<Option compiler="dc_gcc_compiler" />
				<Option parameters="&amp; lxdream DC_demo.elf" />
				<Compiler>
					<Add option="-O3" />
					<Add option="-Wall" />
					<Add option="-DDREAMCAST" />
				</Compiler>
				<Linker>
					<Add option="-s" />
					<Add option="-lm -Wl,--start-group -lkallisti -lc -lgcc -Wl,--end-group" />
				</Linker>
			</Target>
			<Target title="Wii">
				<Option output="bin/Wii_demo.elf" prefix_auto="0" extension_auto="0" />
				<Option working_dir="bin/" />
				<Option object_output="obj/Wii" />
				<Option type="1" />
				<Option compiler="wii_gcc_compiler" />
				<Option parameters="&amp; dolphin-emu --exec=Wii_demo.elf" />
				<Compiler>
					<Add option="-O3" />
					<Add option="-DWii" />
				</Compiler>
				<Linker>
					<Add option="-lfat -lwiiuse -lbte -logc -lm" />
				</Linker>
			</Target>
			<Target title="GC">
				<Option output="bin/GC_demo.elf" prefix_auto="0" extension_auto="0" />
				<Option working_dir="bin/" />
				<Option object_output="obj/GC" />
				<Option type="1" />
				<Option compiler="wii_gcc_compiler" />
				<Option parameters="&amp; dolphin-emu --exec=GC_demo.elf" />
				<Compiler>
					<Add option="-O3" />
					<Add option="-DGC" />
				</Compiler>
				<Linker>
					<Add option="-logc -lm" />
				</Linker>
			</Target>
			<Target title="TestNewConsole">
				<Option output="bin/NC_demo" prefix_auto="1" extension_auto="1" />
				<Option working_dir="bin/" />
				<Option object_output="obj/NC" />
				<Option type="1" />
				<Option compiler="gcc" />
				<Compiler>
					<Add option="-O3" />
					<Add option="-DNEW_CONSOLES" />
				</Compiler>
			</Target>
			<Target title="Win95">
				<Option output="bin/demo95" prefix_auto="1" extension_auto="1" />
				<Option working_dir="bin/" />
				<Option object_output="obj/Windows95/" />
				<Option type="1" />
				<Option compiler="gcc" />
				<Compiler>
					<Add option="-O3" />
					<Add option="-DWINDOWS95" />
				</Compiler>
				<Linker>
					<Add library="SDL" />
				</Linker>
			</Target>
		</Build>
		<Compiler>
			<Add option="-Wmain" />
			<Add option="-w" />
			<Add directory="../LMP3D" />
		</Compiler>
		<Linker>
			<Add option="-s" />
		</Linker>
		<Unit filename="3Dsoftware.c">
			<Option compilerVar="CC" />
			<Option target="Win95" />
		</Unit>
		<Unit filename="DC.c">
			<Option compilerVar="CC" />
			<Option target="Dreamcast" />
		</Unit>
		<Unit filename="LMP3D/All/Collision/Collision.c">
			<Option compilerVar="CC" />
		</Unit>
		<Unit filename="LMP3D/All/Event.c">
			<Option compilerVar="CC" />
		</Unit>
		<Unit filename="LMP3D/All/Event.h" />
		<Unit filename="LMP3D/All/File.c">
			<Option compilerVar="CC" />
		</Unit>
		<Unit filename="LMP3D/All/Graphics/Camera.c">
			<Option compilerVar="CC" />
		</Unit>
		<Unit filename="LMP3D/All/Graphics/Camera.h" />
		<Unit filename="LMP3D/All/Graphics/Model.c">
			<Option compilerVar="CC" />
		</Unit>
		<Unit filename="LMP3D/All/Graphics/Model.h" />
		<Unit filename="LMP3D/All/Graphics/Texture.c">
			<Option compilerVar="CC" />
		</Unit>
		<Unit filename="LMP3D/All/Graphics/Texture.h" />
		<Unit filename="LMP3D/All/Load.c">
			<Option compilerVar="CC" />
		</Unit>
		<Unit filename="LMP3D/All/Load.h" />
		<Unit filename="LMP3D/All/Load/bcm.c">
			<Option compilerVar="CC" />
		</Unit>
		<Unit filename="LMP3D/All/Load/bcm.h" />
		<Unit filename="LMP3D/All/Load/bmp.c">
			<Option compilerVar="CC" />
		</Unit>
		<Unit filename="LMP3D/All/Load/pcx.c">
			<Option compilerVar="CC" />
		</Unit>
		<Unit filename="LMP3D/All/Load/tar.c">
			<Option compilerVar="CC" />
		</Unit>
		<Unit filename="LMP3D/All/Load/upng.c">
			<Option compilerVar="CC" />
		</Unit>
		<Unit filename="LMP3D/All/Load/upng.h" />
		<Unit filename="LMP3D/All/Math.c">
			<Option compilerVar="CC" />
		</Unit>
		<Unit filename="LMP3D/All/Math.h" />
		<Unit filename="LMP3D/All/Matrix.c">
			<Option compilerVar="CC" />
		</Unit>
		<Unit filename="LMP3D/All/Matrix.h" />
		<Unit filename="LMP3D/All/Script.c">
			<Option compilerVar="CC" />
		</Unit>
		<Unit filename="LMP3D/All/Script.h" />
		<Unit filename="LMP3D/All/Type.h" />
		<Unit filename="LMP3D/All/Window.h" />
		<Unit filename="LMP3D/DC/DC.h">
			<Option target="Dreamcast" />
		</Unit>
		<Unit filename="LMP3D/DC/DC_Event.c">
			<Option compilerVar="CC" />
			<Option target="Dreamcast" />
		</Unit>
		<Unit filename="LMP3D/DC/DC_Init.c">
			<Option compilerVar="CC" />
			<Option target="Dreamcast" />
		</Unit>
		<Unit filename="LMP3D/DC/DC_Other.c">
			<Option compilerVar="CC" />
			<Option target="Dreamcast" />
		</Unit>
		<Unit filename="LMP3D/DC/DC_Window.c">
			<Option compilerVar="CC" />
			<Option target="Dreamcast" />
		</Unit>
		<Unit filename="LMP3D/DC/Graphics/DC_Clear_Flip.c">
			<Option compilerVar="CC" />
			<Option target="Dreamcast" />
		</Unit>
		<Unit filename="LMP3D/DC/Graphics/DC_Matrix.c">
			<Option compilerVar="CC" />
			<Option target="Dreamcast" />
		</Unit>
		<Unit filename="LMP3D/DC/Graphics/DC_PVR.c">
			<Option compilerVar="CC" />
			<Option target="Dreamcast" />
		</Unit>
		<Unit filename="LMP3D/LMP3D.h" />
		<Unit filename="LMP3D/NEW_CONSOLES/PL_Sample.c">
			<Option compilerVar="CC" />
			<Option target="TestNewConsole" />
			<Option target="Wii" />
			<Option target="GC" />
		</Unit>
		<Unit filename="LMP3D/PC/Graphics/GL_Camera.c">
			<Option compilerVar="CC" />
			<Option target="Linux" />
			<Option target="LinuxMingw" />
			<Option target="Windows" />
		</Unit>
		<Unit filename="LMP3D/PC/Graphics/GL_Clear_Flip.c">
			<Option compilerVar="CC" />
			<Option target="Linux" />
			<Option target="LinuxMingw" />
			<Option target="Windows" />
		</Unit>
		<Unit filename="LMP3D/PC/Graphics/GL_Draw.c">
			<Option compilerVar="CC" />
			<Option target="Linux" />
			<Option target="LinuxMingw" />
			<Option target="Windows" />
		</Unit>
		<Unit filename="LMP3D/PC/Graphics/GL_Graphic.c">
			<Option compilerVar="CC" />
			<Option target="Linux" />
			<Option target="LinuxMingw" />
			<Option target="Windows" />
		</Unit>
		<Unit filename="LMP3D/PC/Graphics/GL_Model.c">
			<Option compilerVar="CC" />
			<Option target="Linux" />
			<Option target="LinuxMingw" />
			<Option target="Windows" />
		</Unit>
		<Unit filename="LMP3D/PC/Graphics/GL_Texture.c">
			<Option compilerVar="CC" />
			<Option target="Linux" />
			<Option target="LinuxMingw" />
			<Option target="Windows" />
		</Unit>
		<Unit filename="LMP3D/PC/Load/GL_Load_Model.c">
			<Option compilerVar="CC" />
			<Option target="Linux" />
			<Option target="LinuxMingw" />
			<Option target="Windows" />
		</Unit>
		<Unit filename="LMP3D/PC/Load/GL_Load_Texture.c">
			<Option compilerVar="CC" />
			<Option target="Linux" />
			<Option target="LinuxMingw" />
			<Option target="Windows" />
		</Unit>
		<Unit filename="LMP3D/PC/SDL_Event.c">
			<Option compilerVar="CC" />
			<Option target="Linux" />
			<Option target="LinuxMingw" />
			<Option target="Windows" />
		</Unit>
		<Unit filename="LMP3D/PC/SDL_Init.c">
			<Option compilerVar="CC" />
			<Option target="Linux" />
			<Option target="LinuxMingw" />
			<Option target="Windows" />
		</Unit>
		<Unit filename="LMP3D/PC/SDL_Window.c">
			<Option compilerVar="CC" />
			<Option target="Linux" />
			<Option target="LinuxMingw" />
			<Option target="Windows" />
		</Unit>
		<Unit filename="LMP3D/PS1/Graphics/PS1_Camera.c">
			<Option compilerVar="CC" />
			<Option target="PS1" />
		</Unit>
		<Unit filename="LMP3D/PS1/Graphics/PS1_Clear_Flip.c">
			<Option compilerVar="CC" />
			<Option target="PS1" />
		</Unit>
		<Unit filename="LMP3D/PS1/Graphics/PS1_GTE.c">
			<Option compilerVar="CC" />
			<Option target="PS1" />
		</Unit>
		<Unit filename="LMP3D/PS1/Graphics/PS1_Other.c">
			<Option compilerVar="CC" />
			<Option target="PS1" />
		</Unit>
		<Unit filename="LMP3D/PS1/Graphics/PS1_Sin_Cos.c">
			<Option compilerVar="CC" />
			<Option target="PS1" />
		</Unit>
		<Unit filename="LMP3D/PS1/Graphics/PS1_Texture.c">
			<Option compilerVar="CC" />
			<Option target="PS1" />
		</Unit>
		<Unit filename="LMP3D/PS1/Graphics/PS1_Vram.c">
			<Option compilerVar="CC" />
			<Option target="PS1" />
		</Unit>
		<Unit filename="LMP3D/PS1/Load/PS1_Load_Model.c">
			<Option compilerVar="CC" />
			<Option target="PS1" />
		</Unit>
		<Unit filename="LMP3D/PS1/Load/PS1_Load_Texture.c">
			<Option compilerVar="CC" />
			<Option target="PS1" />
		</Unit>
		<Unit filename="LMP3D/PS1/PS1.h">
			<Option target="PS1" />
		</Unit>
		<Unit filename="LMP3D/PS1/PS1_Event.c">
			<Option compilerVar="CC" />
			<Option target="PS1" />
		</Unit>
		<Unit filename="LMP3D/PS1/PS1_Init.c">
			<Option compilerVar="CC" />
			<Option target="PS1" />
		</Unit>
		<Unit filename="LMP3D/PS1/PS1_Window.c">
			<Option compilerVar="CC" />
			<Option target="PS1" />
		</Unit>
		<Unit filename="LMP3D/PS2/Graphics/PS2_Camera.c">
			<Option compilerVar="CC" />
			<Option target="PS2" />
		</Unit>
		<Unit filename="LMP3D/PS2/Graphics/PS2_Clear_Flip.c">
			<Option compilerVar="CC" />
			<Option target="PS2" />
		</Unit>
		<Unit filename="LMP3D/PS2/Graphics/PS2_Draw.c">
			<Option compilerVar="CC" />
			<Option target="PS2" />
		</Unit>
		<Unit filename="LMP3D/PS2/Graphics/PS2_Graphic.c">
			<Option compilerVar="CC" />
			<Option target="PS2" />
		</Unit>
		<Unit filename="LMP3D/PS2/Graphics/PS2_Matrix.c">
			<Option compilerVar="CC" />
			<Option target="PS2" />
		</Unit>
		<Unit filename="LMP3D/PS2/Graphics/PS2_Model.c">
			<Option compilerVar="CC" />
			<Option target="PS2" />
		</Unit>
		<Unit filename="LMP3D/PS2/Graphics/PS2_Texture.c">
			<Option compilerVar="CC" />
			<Option target="PS2" />
		</Unit>
		<Unit filename="LMP3D/PS2/Graphics/PS2_VU.c">
			<Option compilerVar="CC" />
			<Option target="PS2" />
		</Unit>
		<Unit filename="LMP3D/PS2/Graphics/PS2_Vram.c">
			<Option compilerVar="CC" />
			<Option target="PS2" />
		</Unit>
		<Unit filename="LMP3D/PS2/Load/PS2_Load_Model.c">
			<Option compilerVar="CC" />
			<Option target="PS2" />
		</Unit>
		<Unit filename="LMP3D/PS2/Load/PS2_Load_Texture.c">
			<Option compilerVar="CC" />
			<Option target="PS2" />
		</Unit>
		<Unit filename="LMP3D/PS2/PS2.h">
			<Option target="PS2" />
		</Unit>
		<Unit filename="LMP3D/PS2/PS2_Event.c">
			<Option compilerVar="CC" />
			<Option target="PS2" />
		</Unit>
		<Unit filename="LMP3D/PS2/PS2_Init.c">
			<Option compilerVar="CC" />
			<Option target="PS2" />
		</Unit>
		<Unit filename="LMP3D/PS2/PS2_Window.c">
			<Option compilerVar="CC" />
			<Option target="PS2" />
		</Unit>
		<Unit filename="LMP3D/WII/GC_Other.c">
			<Option compilerVar="CC" />
			<Option target="GC" />
		</Unit>
		<Unit filename="LMP3D/WII/Wii_Other.c">
			<Option compilerVar="CC" />
			<Option target="Wii" />
		</Unit>
		<Unit filename="LMP3D/WIN95/PL_Sample.c">
			<Option compilerVar="CC" />
			<Option target="Win95" />
		</Unit>
		<Unit filename="LMP3D/WIN95/SDL_Event.c">
			<Option compilerVar="CC" />
			<Option target="Win95" />
		</Unit>
		<Unit filename="LMP3D/WIN95/SDL_Init.c">
			<Option compilerVar="CC" />
			<Option target="Win95" />
		</Unit>
		<Unit filename="LMP3D/WIN95/SDL_Window.c">
			<Option compilerVar="CC" />
			<Option target="Win95" />
		</Unit>
		<Unit filename="game.c">
			<Option compilerVar="CC" />
		</Unit>
		<Unit filename="gamewin95.c">
			<Option compilerVar="CC" />
			<Option target="Win95" />
		</Unit>
		<Unit filename="main.c">
			<Option compilerVar="CC" />
		</Unit>
		<Unit filename="mainDC.c">
			<Option compilerVar="CC" />
			<Option target="Dreamcast" />
		</Unit>
		<Unit filename="maingc.c">
			<Option compilerVar="CC" />
			<Option target="GC" />
		</Unit>
		<Unit filename="mainps1.c">
			<Option compilerVar="CC" />
			<Option target="PS1" />
		</Unit>
		<Unit filename="mainwii.c">
			<Option compilerVar="CC" />
			<Option target="Wii" />
		</Unit>
		<Extensions>
			<code_completion />
			<debugger />
			<envvars />
		</Extensions>
	</Project>
</CodeBlocks_project_file>
